
Microsoft Visual Studio Solution File, Format Version 12.00
# Visual Studio 14
VisualStudioVersion = 14.0.25420.1
MinimumVisualStudioVersion = 10.0.40219.1
Project("{FAE04EC0-301F-11D3-BF4B-00C04F79EFBC}") = "Xamarin.InteractionTracker.Examples", "Xamarin.InteractionTracker.Examples\Xamarin.InteractionTracker.Examples\Xamarin.InteractionTracker.Examples.csproj", "{5BDEFAB0-D842-4A48-BAD5-07BA54C5F266}"
EndProject
Project("{FAE04EC0-301F-11D3-BF4B-00C04F79EFBC}") = "Xamarin.InteractionTracker.Examples.Droid", "Xamarin.InteractionTracker.Examples\Xamarin.InteractionTracker.Examples.Droid\Xamarin.InteractionTracker.Examples.Droid.csproj", "{F9BCCDEB-D3B7-4332-B48A-2A1823C307AB}"
EndProject
Project("{FAE04EC0-301F-11D3-BF4B-00C04F79EFBC}") = "Xamarin.InteractionTracker.Examples.iOS", "Xamarin.InteractionTracker.Examples\Xamarin.InteractionTracker.Examples.iOS\Xamarin.InteractionTracker.Examples.iOS.csproj", "{88511F3E-B251-4895-9BB1-D6623EECA62D}"
EndProject
Project("{FAE04EC0-301F-11D3-BF4B-00C04F79EFBC}") = "Xamarin.InteractionTracker.Examples.WinPhone", "Xamarin.InteractionTracker.Examples\Xamarin.InteractionTracker.Examples.WinPhone\Xamarin.InteractionTracker.Examples.WinPhone.csproj", "{914B999C-8D78-47D8-8272-EE995F2BB02A}"
EndProject
Project("{FAE04EC0-301F-11D3-BF4B-00C04F79EFBC}") = "Xamarin.InteractionTracker.Examples.UWP", "Xamarin.InteractionTracker.Examples\Xamarin.InteractionTracker.Examples.UWP\Xamarin.InteractionTracker.Examples.UWP.csproj", "{35C4E6ED-C5CC-439C-ACA7-47499D316322}"
EndProject
Project("{FAE04EC0-301F-11D3-BF4B-00C04F79EFBC}") = "Xamarin.InteractionTracker.Examples.Windows", "Xamarin.InteractionTracker.Examples\Xamarin.InteractionTracker.Examples.Windows\Xamarin.InteractionTracker.Examples.Windows.csproj", "{AE07765A-D142-44D5-B048-705552DAA38A}"
EndProject
Global
	GlobalSection(SolutionConfigurationPlatforms) = preSolution
		Ad-Hoc|Any CPU = Ad-Hoc|Any CPU
		Ad-Hoc|ARM = Ad-Hoc|ARM
		Ad-Hoc|iPhone = Ad-Hoc|iPhone
		Ad-Hoc|iPhoneSimulator = Ad-Hoc|iPhoneSimulator
		Ad-Hoc|x64 = Ad-Hoc|x64
		Ad-Hoc|x86 = Ad-Hoc|x86
		AppStore|Any CPU = AppStore|Any CPU
		AppStore|ARM = AppStore|ARM
		AppStore|iPhone = AppStore|iPhone
		AppStore|iPhoneSimulator = AppStore|iPhoneSimulator
		AppStore|x64 = AppStore|x64
		AppStore|x86 = AppStore|x86
		Debug|Any CPU = Debug|Any CPU
		Debug|ARM = Debug|ARM
		Debug|iPhone = Debug|iPhone
		Debug|iPhoneSimulator = Debug|iPhoneSimulator
		Debug|x64 = Debug|x64
		Debug|x86 = Debug|x86
		Release|Any CPU = Release|Any CPU
		Release|ARM = Release|ARM
		Release|iPhone = Release|iPhone
		Release|iPhoneSimulator = Release|iPhoneSimulator
		Release|x64 = Release|x64
		Release|x86 = Release|x86
	EndGlobalSection
	GlobalSection(ProjectConfigurationPlatforms) = postSolution
		{5BDEFAB0-D842-4A48-BAD5-07BA54C5F266}.Ad-Hoc|Any CPU.ActiveCfg = Release|Any CPU
		{5BDEFAB0-D842-4A48-BAD5-07BA54C5F266}.Ad-Hoc|Any CPU.Build.0 = Release|Any CPU
		{5BDEFAB0-D842-4A48-BAD5-07BA54C5F266}.Ad-Hoc|ARM.ActiveCfg = Release|Any CPU
		{5BDEFAB0-D842-4A48-BAD5-07BA54C5F266}.Ad-Hoc|ARM.Build.0 = Release|Any CPU
		{5BDEFAB0-D842-4A48-BAD5-07BA54C5F266}.Ad-Hoc|iPhone.ActiveCfg = Release|Any CPU
		{5BDEFAB0-D842-4A48-BAD5-07BA54C5F266}.Ad-Hoc|iPhone.Build.0 = Release|Any CPU
		{5BDEFAB0-D842-4A48-BAD5-07BA54C5F266}.Ad-Hoc|iPhoneSimulator.ActiveCfg = Release|Any CPU
		{5BDEFAB0-D842-4A48-BAD5-07BA54C5F266}.Ad-Hoc|iPhoneSimulator.Build.0 = Release|Any CPU
		{5BDEFAB0-D842-4A48-BAD5-07BA54C5F266}.Ad-Hoc|x64.ActiveCfg = Release|Any CPU
		{5BDEFAB0-D842-4A48-BAD5-07BA54C5F266}.Ad-Hoc|x64.Build.0 = Release|Any CPU
		{5BDEFAB0-D842-4A48-BAD5-07BA54C5F266}.Ad-Hoc|x86.ActiveCfg = Release|Any CPU
		{5BDEFAB0-D842-4A48-BAD5-07BA54C5F266}.Ad-Hoc|x86.Build.0 = Release|Any CPU
		{5BDEFAB0-D842-4A48-BAD5-07BA54C5F266}.AppStore|Any CPU.ActiveCfg = Release|Any CPU
		{5BDEFAB0-D842-4A48-BAD5-07BA54C5F266}.AppStore|Any CPU.Build.0 = Release|Any CPU
		{5BDEFAB0-D842-4A48-BAD5-07BA54C5F266}.AppStore|ARM.ActiveCfg = Release|Any CPU
		{5BDEFAB0-D842-4A48-BAD5-07BA54C5F266}.AppStore|ARM.Build.0 = Release|Any CPU
		{5BDEFAB0-D842-4A48-BAD5-07BA54C5F266}.AppStore|iPhone.ActiveCfg = Release|Any CPU
		{5BDEFAB0-D842-4A48-BAD5-07BA54C5F266}.AppStore|iPhone.Build.0 = Release|Any CPU
		{5BDEFAB0-D842-4A48-BAD5-07BA54C5F266}.AppStore|iPhoneSimulator.ActiveCfg = Release|Any CPU
		{5BDEFAB0-D842-4A48-BAD5-07BA54C5F266}.AppStore|iPhoneSimulator.Build.0 = Release|Any CPU
		{5BDEFAB0-D842-4A48-BAD5-07BA54C5F266}.AppStore|x64.ActiveCfg = Release|Any CPU
		{5BDEFAB0-D842-4A48-BAD5-07BA54C5F266}.AppStore|x64.Build.0 = Release|Any CPU
		{5BDEFAB0-D842-4A48-BAD5-07BA54C5F266}.AppStore|x86.ActiveCfg = Release|Any CPU
		{5BDEFAB0-D842-4A48-BAD5-07BA54C5F266}.AppStore|x86.Build.0 = Release|Any CPU
		{5BDEFAB0-D842-4A48-BAD5-07BA54C5F266}.Debug|Any CPU.ActiveCfg = Debug|Any CPU
		{5BDEFAB0-D842-4A48-BAD5-07BA54C5F266}.Debug|Any CPU.Build.0 = Debug|Any CPU
		{5BDEFAB0-D842-4A48-BAD5-07BA54C5F266}.Debug|ARM.ActiveCfg = Debug|Any CPU
		{5BDEFAB0-D842-4A48-BAD5-07BA54C5F266}.Debug|ARM.Build.0 = Debug|Any CPU
		{5BDEFAB0-D842-4A48-BAD5-07BA54C5F266}.Debug|iPhone.ActiveCfg = Debug|Any CPU
		{5BDEFAB0-D842-4A48-BAD5-07BA54C5F266}.Debug|iPhone.Build.0 = Debug|Any CPU
		{5BDEFAB0-D842-4A48-BAD5-07BA54C5F266}.Debug|iPhoneSimulator.ActiveCfg = Debug|Any CPU
		{5BDEFAB0-D842-4A48-BAD5-07BA54C5F266}.Debug|iPhoneSimulator.Build.0 = Debug|Any CPU
		{5BDEFAB0-D842-4A48-BAD5-07BA54C5F266}.Debug|x64.ActiveCfg = Debug|Any CPU
		{5BDEFAB0-D842-4A48-BAD5-07BA54C5F266}.Debug|x64.Build.0 = Debug|Any CPU
		{5BDEFAB0-D842-4A48-BAD5-07BA54C5F266}.Debug|x86.ActiveCfg = Debug|Any CPU
		{5BDEFAB0-D842-4A48-BAD5-07BA54C5F266}.Debug|x86.Build.0 = Debug|Any CPU
		{5BDEFAB0-D842-4A48-BAD5-07BA54C5F266}.Release|Any CPU.ActiveCfg = Release|Any CPU
		{5BDEFAB0-D842-4A48-BAD5-07BA54C5F266}.Release|Any CPU.Build.0 = Release|Any CPU
		{5BDEFAB0-D842-4A48-BAD5-07BA54C5F266}.Release|ARM.ActiveCfg = Release|Any CPU
		{5BDEFAB0-D842-4A48-BAD5-07BA54C5F266}.Release|ARM.Build.0 = Release|Any CPU
		{5BDEFAB0-D842-4A48-BAD5-07BA54C5F266}.Release|iPhone.ActiveCfg = Release|Any CPU
		{5BDEFAB0-D842-4A48-BAD5-07BA54C5F266}.Release|iPhone.Build.0 = Release|Any CPU
		{5BDEFAB0-D842-4A48-BAD5-07BA54C5F266}.Release|iPhoneSimulator.ActiveCfg = Release|Any CPU
		{5BDEFAB0-D842-4A48-BAD5-07BA54C5F266}.Release|iPhoneSimulator.Build.0 = Release|Any CPU
		{5BDEFAB0-D842-4A48-BAD5-07BA54C5F266}.Release|x64.ActiveCfg = Release|Any CPU
		{5BDEFAB0-D842-4A48-BAD5-07BA54C5F266}.Release|x64.Build.0 = Release|Any CPU
		{5BDEFAB0-D842-4A48-BAD5-07BA54C5F266}.Release|x86.ActiveCfg = Release|Any CPU
		{5BDEFAB0-D842-4A48-BAD5-07BA54C5F266}.Release|x86.Build.0 = Release|Any CPU
		{F9BCCDEB-D3B7-4332-B48A-2A1823C307AB}.Ad-Hoc|Any CPU.ActiveCfg = Release|Any CPU
		{F9BCCDEB-D3B7-4332-B48A-2A1823C307AB}.Ad-Hoc|Any CPU.Build.0 = Release|Any CPU
		{F9BCCDEB-D3B7-4332-B48A-2A1823C307AB}.Ad-Hoc|Any CPU.Deploy.0 = Release|Any CPU
		{F9BCCDEB-D3B7-4332-B48A-2A1823C307AB}.Ad-Hoc|ARM.ActiveCfg = Release|Any CPU
		{F9BCCDEB-D3B7-4332-B48A-2A1823C307AB}.Ad-Hoc|ARM.Build.0 = Release|Any CPU
		{F9BCCDEB-D3B7-4332-B48A-2A1823C307AB}.Ad-Hoc|ARM.Deploy.0 = Release|Any CPU
		{F9BCCDEB-D3B7-4332-B48A-2A1823C307AB}.Ad-Hoc|iPhone.ActiveCfg = Release|Any CPU
		{F9BCCDEB-D3B7-4332-B48A-2A1823C307AB}.Ad-Hoc|iPhone.Build.0 = Release|Any CPU
		{F9BCCDEB-D3B7-4332-B48A-2A1823C307AB}.Ad-Hoc|iPhone.Deploy.0 = Release|Any CPU
		{F9BCCDEB-D3B7-4332-B48A-2A1823C307AB}.Ad-Hoc|iPhoneSimulator.ActiveCfg = Release|Any CPU
		{F9BCCDEB-D3B7-4332-B48A-2A1823C307AB}.Ad-Hoc|iPhoneSimulator.Build.0 = Release|Any CPU
		{F9BCCDEB-D3B7-4332-B48A-2A1823C307AB}.Ad-Hoc|iPhoneSimulator.Deploy.0 = Release|Any CPU
		{F9BCCDEB-D3B7-4332-B48A-2A1823C307AB}.Ad-Hoc|x64.ActiveCfg = Release|Any CPU
		{F9BCCDEB-D3B7-4332-B48A-2A1823C307AB}.Ad-Hoc|x64.Build.0 = Release|Any CPU
		{F9BCCDEB-D3B7-4332-B48A-2A1823C307AB}.Ad-Hoc|x64.Deploy.0 = Release|Any CPU
		{F9BCCDEB-D3B7-4332-B48A-2A1823C307AB}.Ad-Hoc|x86.ActiveCfg = Release|Any CPU
		{F9BCCDEB-D3B7-4332-B48A-2A1823C307AB}.Ad-Hoc|x86.Build.0 = Release|Any CPU
		{F9BCCDEB-D3B7-4332-B48A-2A1823C307AB}.Ad-Hoc|x86.Deploy.0 = Release|Any CPU
		{F9BCCDEB-D3B7-4332-B48A-2A1823C307AB}.AppStore|Any CPU.ActiveCfg = Release|Any CPU
		{F9BCCDEB-D3B7-4332-B48A-2A1823C307AB}.AppStore|Any CPU.Build.0 = Release|Any CPU
		{F9BCCDEB-D3B7-4332-B48A-2A1823C307AB}.AppStore|Any CPU.Deploy.0 = Release|Any CPU
		{F9BCCDEB-D3B7-4332-B48A-2A1823C307AB}.AppStore|ARM.ActiveCfg = Release|Any CPU
		{F9BCCDEB-D3B7-4332-B48A-2A1823C307AB}.AppStore|ARM.Build.0 = Release|Any CPU
		{F9BCCDEB-D3B7-4332-B48A-2A1823C307AB}.AppStore|ARM.Deploy.0 = Release|Any CPU
		{F9BCCDEB-D3B7-4332-B48A-2A1823C307AB}.AppStore|iPhone.ActiveCfg = Release|Any CPU
		{F9BCCDEB-D3B7-4332-B48A-2A1823C307AB}.AppStore|iPhone.Build.0 = Release|Any CPU
		{F9BCCDEB-D3B7-4332-B48A-2A1823C307AB}.AppStore|iPhone.Deploy.0 = Release|Any CPU
		{F9BCCDEB-D3B7-4332-B48A-2A1823C307AB}.AppStore|iPhoneSimulator.ActiveCfg = Release|Any CPU
		{F9BCCDEB-D3B7-4332-B48A-2A1823C307AB}.AppStore|iPhoneSimulator.Build.0 = Release|Any CPU
		{F9BCCDEB-D3B7-4332-B48A-2A1823C307AB}.AppStore|iPhoneSimulator.Deploy.0 = Release|Any CPU
		{F9BCCDEB-D3B7-4332-B48A-2A1823C307AB}.AppStore|x64.ActiveCfg = Release|Any CPU
		{F9BCCDEB-D3B7-4332-B48A-2A1823C307AB}.AppStore|x64.Build.0 = Release|Any CPU
		{F9BCCDEB-D3B7-4332-B48A-2A1823C307AB}.AppStore|x64.Deploy.0 = Release|Any CPU
		{F9BCCDEB-D3B7-4332-B48A-2A1823C307AB}.AppStore|x86.ActiveCfg = Release|Any CPU
		{F9BCCDEB-D3B7-4332-B48A-2A1823C307AB}.AppStore|x86.Build.0 = Release|Any CPU
		{F9BCCDEB-D3B7-4332-B48A-2A1823C307AB}.AppStore|x86.Deploy.0 = Release|Any CPU
		{F9BCCDEB-D3B7-4332-B48A-2A1823C307AB}.Debug|Any CPU.ActiveCfg = Debug|Any CPU
		{F9BCCDEB-D3B7-4332-B48A-2A1823C307AB}.Debug|Any CPU.Build.0 = Debug|Any CPU
		{F9BCCDEB-D3B7-4332-B48A-2A1823C307AB}.Debug|Any CPU.Deploy.0 = Debug|Any CPU
		{F9BCCDEB-D3B7-4332-B48A-2A1823C307AB}.Debug|ARM.ActiveCfg = Debug|Any CPU
		{F9BCCDEB-D3B7-4332-B48A-2A1823C307AB}.Debug|ARM.Build.0 = Debug|Any CPU
		{F9BCCDEB-D3B7-4332-B48A-2A1823C307AB}.Debug|ARM.Deploy.0 = Debug|Any CPU
		{F9BCCDEB-D3B7-4332-B48A-2A1823C307AB}.Debug|iPhone.ActiveCfg = Debug|Any CPU
		{F9BCCDEB-D3B7-4332-B48A-2A1823C307AB}.Debug|iPhone.Build.0 = Debug|Any CPU
		{F9BCCDEB-D3B7-4332-B48A-2A1823C307AB}.Debug|iPhone.Deploy.0 = Debug|Any CPU
		{F9BCCDEB-D3B7-4332-B48A-2A1823C307AB}.Debug|iPhoneSimulator.ActiveCfg = Debug|Any CPU
		{F9BCCDEB-D3B7-4332-B48A-2A1823C307AB}.Debug|iPhoneSimulator.Build.0 = Debug|Any CPU
		{F9BCCDEB-D3B7-4332-B48A-2A1823C307AB}.Debug|iPhoneSimulator.Deploy.0 = Debug|Any CPU
		{F9BCCDEB-D3B7-4332-B48A-2A1823C307AB}.Debug|x64.ActiveCfg = Debug|Any CPU
		{F9BCCDEB-D3B7-4332-B48A-2A1823C307AB}.Debug|x64.Build.0 = Debug|Any CPU
		{F9BCCDEB-D3B7-4332-B48A-2A1823C307AB}.Debug|x64.Deploy.0 = Debug|Any CPU
		{F9BCCDEB-D3B7-4332-B48A-2A1823C307AB}.Debug|x86.ActiveCfg = Debug|Any CPU
		{F9BCCDEB-D3B7-4332-B48A-2A1823C307AB}.Debug|x86.Build.0 = Debug|Any CPU
		{F9BCCDEB-D3B7-4332-B48A-2A1823C307AB}.Debug|x86.Deploy.0 = Debug|Any CPU
		{F9BCCDEB-D3B7-4332-B48A-2A1823C307AB}.Release|Any CPU.ActiveCfg = Release|Any CPU
		{F9BCCDEB-D3B7-4332-B48A-2A1823C307AB}.Release|Any CPU.Build.0 = Release|Any CPU
		{F9BCCDEB-D3B7-4332-B48A-2A1823C307AB}.Release|Any CPU.Deploy.0 = Release|Any CPU
		{F9BCCDEB-D3B7-4332-B48A-2A1823C307AB}.Release|ARM.ActiveCfg = Release|Any CPU
		{F9BCCDEB-D3B7-4332-B48A-2A1823C307AB}.Release|ARM.Build.0 = Release|Any CPU
		{F9BCCDEB-D3B7-4332-B48A-2A1823C307AB}.Release|ARM.Deploy.0 = Release|Any CPU
		{F9BCCDEB-D3B7-4332-B48A-2A1823C307AB}.Release|iPhone.ActiveCfg = Release|Any CPU
		{F9BCCDEB-D3B7-4332-B48A-2A1823C307AB}.Release|iPhone.Build.0 = Release|Any CPU
		{F9BCCDEB-D3B7-4332-B48A-2A1823C307AB}.Release|iPhone.Deploy.0 = Release|Any CPU
		{F9BCCDEB-D3B7-4332-B48A-2A1823C307AB}.Release|iPhoneSimulator.ActiveCfg = Release|Any CPU
		{F9BCCDEB-D3B7-4332-B48A-2A1823C307AB}.Release|iPhoneSimulator.Build.0 = Release|Any CPU
		{F9BCCDEB-D3B7-4332-B48A-2A1823C307AB}.Release|iPhoneSimulator.Deploy.0 = Release|Any CPU
		{F9BCCDEB-D3B7-4332-B48A-2A1823C307AB}.Release|x64.ActiveCfg = Release|Any CPU
		{F9BCCDEB-D3B7-4332-B48A-2A1823C307AB}.Release|x64.Build.0 = Release|Any CPU
		{F9BCCDEB-D3B7-4332-B48A-2A1823C307AB}.Release|x64.Deploy.0 = Release|Any CPU
		{F9BCCDEB-D3B7-4332-B48A-2A1823C307AB}.Release|x86.ActiveCfg = Release|Any CPU
		{F9BCCDEB-D3B7-4332-B48A-2A1823C307AB}.Release|x86.Build.0 = Release|Any CPU
		{F9BCCDEB-D3B7-4332-B48A-2A1823C307AB}.Release|x86.Deploy.0 = Release|Any CPU
		{88511F3E-B251-4895-9BB1-D6623EECA62D}.Ad-Hoc|Any CPU.ActiveCfg = Ad-Hoc|iPhone
		{88511F3E-B251-4895-9BB1-D6623EECA62D}.Ad-Hoc|ARM.ActiveCfg = Ad-Hoc|iPhone
		{88511F3E-B251-4895-9BB1-D6623EECA62D}.Ad-Hoc|iPhone.ActiveCfg = Ad-Hoc|iPhone
		{88511F3E-B251-4895-9BB1-D6623EECA62D}.Ad-Hoc|iPhone.Build.0 = Ad-Hoc|iPhone
		{88511F3E-B251-4895-9BB1-D6623EECA62D}.Ad-Hoc|iPhoneSimulator.ActiveCfg = Ad-Hoc|iPhoneSimulator
		{88511F3E-B251-4895-9BB1-D6623EECA62D}.Ad-Hoc|iPhoneSimulator.Build.0 = Ad-Hoc|iPhoneSimulator
		{88511F3E-B251-4895-9BB1-D6623EECA62D}.Ad-Hoc|x64.ActiveCfg = Ad-Hoc|iPhone
		{88511F3E-B251-4895-9BB1-D6623EECA62D}.Ad-Hoc|x86.ActiveCfg = Ad-Hoc|iPhone
		{88511F3E-B251-4895-9BB1-D6623EECA62D}.AppStore|Any CPU.ActiveCfg = AppStore|iPhone
		{88511F3E-B251-4895-9BB1-D6623EECA62D}.AppStore|ARM.ActiveCfg = AppStore|iPhone
		{88511F3E-B251-4895-9BB1-D6623EECA62D}.AppStore|iPhone.ActiveCfg = AppStore|iPhone
		{88511F3E-B251-4895-9BB1-D6623EECA62D}.AppStore|iPhone.Build.0 = AppStore|iPhone
		{88511F3E-B251-4895-9BB1-D6623EECA62D}.AppStore|iPhoneSimulator.ActiveCfg = AppStore|iPhoneSimulator
		{88511F3E-B251-4895-9BB1-D6623EECA62D}.AppStore|iPhoneSimulator.Build.0 = AppStore|iPhoneSimulator
		{88511F3E-B251-4895-9BB1-D6623EECA62D}.AppStore|x64.ActiveCfg = AppStore|iPhone
		{88511F3E-B251-4895-9BB1-D6623EECA62D}.AppStore|x86.ActiveCfg = AppStore|iPhone
		{88511F3E-B251-4895-9BB1-D6623EECA62D}.Debug|Any CPU.ActiveCfg = Debug|iPhone
		{88511F3E-B251-4895-9BB1-D6623EECA62D}.Debug|ARM.ActiveCfg = Debug|iPhone
		{88511F3E-B251-4895-9BB1-D6623EECA62D}.Debug|iPhone.ActiveCfg = Debug|iPhone
		{88511F3E-B251-4895-9BB1-D6623EECA62D}.Debug|iPhone.Build.0 = Debug|iPhone
		{88511F3E-B251-4895-9BB1-D6623EECA62D}.Debug|iPhoneSimulator.ActiveCfg = Debug|iPhoneSimulator
		{88511F3E-B251-4895-9BB1-D6623EECA62D}.Debug|iPhoneSimulator.Build.0 = Debug|iPhoneSimulator
		{88511F3E-B251-4895-9BB1-D6623EECA62D}.Debug|x64.ActiveCfg = Debug|iPhone
		{88511F3E-B251-4895-9BB1-D6623EECA62D}.Debug|x86.ActiveCfg = Debug|iPhone
		{88511F3E-B251-4895-9BB1-D6623EECA62D}.Release|Any CPU.ActiveCfg = Release|iPhone
		{88511F3E-B251-4895-9BB1-D6623EECA62D}.Release|ARM.ActiveCfg = Release|iPhone
		{88511F3E-B251-4895-9BB1-D6623EECA62D}.Release|iPhone.ActiveCfg = Release|iPhone
		{88511F3E-B251-4895-9BB1-D6623EECA62D}.Release|iPhone.Build.0 = Release|iPhone
		{88511F3E-B251-4895-9BB1-D6623EECA62D}.Release|iPhoneSimulator.ActiveCfg = Release|iPhoneSimulator
		{88511F3E-B251-4895-9BB1-D6623EECA62D}.Release|iPhoneSimulator.Build.0 = Release|iPhoneSimulator
		{88511F3E-B251-4895-9BB1-D6623EECA62D}.Release|x64.ActiveCfg = Release|iPhone
		{88511F3E-B251-4895-9BB1-D6623EECA62D}.Release|x86.ActiveCfg = Release|iPhone
		{914B999C-8D78-47D8-8272-EE995F2BB02A}.Ad-Hoc|Any CPU.ActiveCfg = Release|Any CPU
		{914B999C-8D78-47D8-8272-EE995F2BB02A}.Ad-Hoc|Any CPU.Build.0 = Release|Any CPU
		{914B999C-8D78-47D8-8272-EE995F2BB02A}.Ad-Hoc|Any CPU.Deploy.0 = Release|Any CPU
		{914B999C-8D78-47D8-8272-EE995F2BB02A}.Ad-Hoc|ARM.ActiveCfg = Release|ARM
		{914B999C-8D78-47D8-8272-EE995F2BB02A}.Ad-Hoc|ARM.Build.0 = Release|ARM
		{914B999C-8D78-47D8-8272-EE995F2BB02A}.Ad-Hoc|ARM.Deploy.0 = Release|ARM
		{914B999C-8D78-47D8-8272-EE995F2BB02A}.Ad-Hoc|iPhone.ActiveCfg = Release|Any CPU
		{914B999C-8D78-47D8-8272-EE995F2BB02A}.Ad-Hoc|iPhone.Build.0 = Release|Any CPU
		{914B999C-8D78-47D8-8272-EE995F2BB02A}.Ad-Hoc|iPhone.Deploy.0 = Release|Any CPU
		{914B999C-8D78-47D8-8272-EE995F2BB02A}.Ad-Hoc|iPhoneSimulator.ActiveCfg = Release|Any CPU
		{914B999C-8D78-47D8-8272-EE995F2BB02A}.Ad-Hoc|iPhoneSimulator.Build.0 = Release|Any CPU
		{914B999C-8D78-47D8-8272-EE995F2BB02A}.Ad-Hoc|iPhoneSimulator.Deploy.0 = Release|Any CPU
		{914B999C-8D78-47D8-8272-EE995F2BB02A}.Ad-Hoc|x64.ActiveCfg = Release|Any CPU
		{914B999C-8D78-47D8-8272-EE995F2BB02A}.Ad-Hoc|x64.Build.0 = Release|Any CPU
		{914B999C-8D78-47D8-8272-EE995F2BB02A}.Ad-Hoc|x64.Deploy.0 = Release|Any CPU
		{914B999C-8D78-47D8-8272-EE995F2BB02A}.Ad-Hoc|x86.ActiveCfg = Release|x86
		{914B999C-8D78-47D8-8272-EE995F2BB02A}.Ad-Hoc|x86.Build.0 = Release|x86
		{914B999C-8D78-47D8-8272-EE995F2BB02A}.Ad-Hoc|x86.Deploy.0 = Release|x86
		{914B999C-8D78-47D8-8272-EE995F2BB02A}.AppStore|Any CPU.ActiveCfg = Release|Any CPU
		{914B999C-8D78-47D8-8272-EE995F2BB02A}.AppStore|Any CPU.Build.0 = Release|Any CPU
		{914B999C-8D78-47D8-8272-EE995F2BB02A}.AppStore|Any CPU.Deploy.0 = Release|Any CPU
		{914B999C-8D78-47D8-8272-EE995F2BB02A}.AppStore|ARM.ActiveCfg = Release|ARM
		{914B999C-8D78-47D8-8272-EE995F2BB02A}.AppStore|ARM.Build.0 = Release|ARM
		{914B999C-8D78-47D8-8272-EE995F2BB02A}.AppStore|ARM.Deploy.0 = Release|ARM
		{914B999C-8D78-47D8-8272-EE995F2BB02A}.AppStore|iPhone.ActiveCfg = Release|Any CPU
		{914B999C-8D78-47D8-8272-EE995F2BB02A}.AppStore|iPhone.Build.0 = Release|Any CPU
		{914B999C-8D78-47D8-8272-EE995F2BB02A}.AppStore|iPhone.Deploy.0 = Release|Any CPU
		{914B999C-8D78-47D8-8272-EE995F2BB02A}.AppStore|iPhoneSimulator.ActiveCfg = Release|Any CPU
		{914B999C-8D78-47D8-8272-EE995F2BB02A}.AppStore|iPhoneSimulator.Build.0 = Release|Any CPU
		{914B999C-8D78-47D8-8272-EE995F2BB02A}.AppStore|iPhoneSimulator.Deploy.0 = Release|Any CPU
		{914B999C-8D78-47D8-8272-EE995F2BB02A}.AppStore|x64.ActiveCfg = Release|Any CPU
		{914B999C-8D78-47D8-8272-EE995F2BB02A}.AppStore|x64.Build.0 = Release|Any CPU
		{914B999C-8D78-47D8-8272-EE995F2BB02A}.AppStore|x64.Deploy.0 = Release|Any CPU
		{914B999C-8D78-47D8-8272-EE995F2BB02A}.AppStore|x86.ActiveCfg = Release|x86
		{914B999C-8D78-47D8-8272-EE995F2BB02A}.AppStore|x86.Build.0 = Release|x86
		{914B999C-8D78-47D8-8272-EE995F2BB02A}.AppStore|x86.Deploy.0 = Release|x86
		{914B999C-8D78-47D8-8272-EE995F2BB02A}.Debug|Any CPU.ActiveCfg = Debug|Any CPU
		{914B999C-8D78-47D8-8272-EE995F2BB02A}.Debug|Any CPU.Build.0 = Debug|Any CPU
		{914B999C-8D78-47D8-8272-EE995F2BB02A}.Debug|Any CPU.Deploy.0 = Debug|Any CPU
		{914B999C-8D78-47D8-8272-EE995F2BB02A}.Debug|ARM.ActiveCfg = Debug|ARM
		{914B999C-8D78-47D8-8272-EE995F2BB02A}.Debug|ARM.Build.0 = Debug|ARM
		{914B999C-8D78-47D8-8272-EE995F2BB02A}.Debug|ARM.Deploy.0 = Debug|ARM
		{914B999C-8D78-47D8-8272-EE995F2BB02A}.Debug|iPhone.ActiveCfg = Debug|Any CPU
		{914B999C-8D78-47D8-8272-EE995F2BB02A}.Debug|iPhone.Build.0 = Debug|Any CPU
		{914B999C-8D78-47D8-8272-EE995F2BB02A}.Debug|iPhone.Deploy.0 = Debug|Any CPU
		{914B999C-8D78-47D8-8272-EE995F2BB02A}.Debug|iPhoneSimulator.ActiveCfg = Debug|Any CPU
		{914B999C-8D78-47D8-8272-EE995F2BB02A}.Debug|iPhoneSimulator.Build.0 = Debug|Any CPU
		{914B999C-8D78-47D8-8272-EE995F2BB02A}.Debug|iPhoneSimulator.Deploy.0 = Debug|Any CPU
		{914B999C-8D78-47D8-8272-EE995F2BB02A}.Debug|x64.ActiveCfg = Debug|Any CPU
		{914B999C-8D78-47D8-8272-EE995F2BB02A}.Debug|x64.Build.0 = Debug|Any CPU
		{914B999C-8D78-47D8-8272-EE995F2BB02A}.Debug|x64.Deploy.0 = Debug|Any CPU
		{914B999C-8D78-47D8-8272-EE995F2BB02A}.Debug|x86.ActiveCfg = Debug|x86
		{914B999C-8D78-47D8-8272-EE995F2BB02A}.Debug|x86.Build.0 = Debug|x86
		{914B999C-8D78-47D8-8272-EE995F2BB02A}.Debug|x86.Deploy.0 = Debug|x86
		{914B999C-8D78-47D8-8272-EE995F2BB02A}.Release|Any CPU.ActiveCfg = Release|Any CPU
		{914B999C-8D78-47D8-8272-EE995F2BB02A}.Release|Any CPU.Build.0 = Release|Any CPU
		{914B999C-8D78-47D8-8272-EE995F2BB02A}.Release|Any CPU.Deploy.0 = Release|Any CPU
		{914B999C-8D78-47D8-8272-EE995F2BB02A}.Release|ARM.ActiveCfg = Release|ARM
		{914B999C-8D78-47D8-8272-EE995F2BB02A}.Release|ARM.Build.0 = Release|ARM
		{914B999C-8D78-47D8-8272-EE995F2BB02A}.Release|ARM.Deploy.0 = Release|ARM
		{914B999C-8D78-47D8-8272-EE995F2BB02A}.Release|iPhone.ActiveCfg = Release|Any CPU
		{914B999C-8D78-47D8-8272-EE995F2BB02A}.Release|iPhone.Build.0 = Release|Any CPU
		{914B999C-8D78-47D8-8272-EE995F2BB02A}.Release|iPhone.Deploy.0 = Release|Any CPU
		{914B999C-8D78-47D8-8272-EE995F2BB02A}.Release|iPhoneSimulator.ActiveCfg = Release|Any CPU
		{914B999C-8D78-47D8-8272-EE995F2BB02A}.Release|iPhoneSimulator.Build.0 = Release|Any CPU
		{914B999C-8D78-47D8-8272-EE995F2BB02A}.Release|iPhoneSimulator.Deploy.0 = Release|Any CPU
		{914B999C-8D78-47D8-8272-EE995F2BB02A}.Release|x64.ActiveCfg = Release|Any CPU
		{914B999C-8D78-47D8-8272-EE995F2BB02A}.Release|x64.Build.0 = Release|Any CPU
		{914B999C-8D78-47D8-8272-EE995F2BB02A}.Release|x64.Deploy.0 = Release|Any CPU
		{914B999C-8D78-47D8-8272-EE995F2BB02A}.Release|x86.ActiveCfg = Release|x86
		{914B999C-8D78-47D8-8272-EE995F2BB02A}.Release|x86.Build.0 = Release|x86
		{914B999C-8D78-47D8-8272-EE995F2BB02A}.Release|x86.Deploy.0 = Release|x86
		{35C4E6ED-C5CC-439C-ACA7-47499D316322}.Ad-Hoc|Any CPU.ActiveCfg = Release|x86
		{35C4E6ED-C5CC-439C-ACA7-47499D316322}.Ad-Hoc|Any CPU.Build.0 = Release|x86
		{35C4E6ED-C5CC-439C-ACA7-47499D316322}.Ad-Hoc|Any CPU.Deploy.0 = Release|x86
		{35C4E6ED-C5CC-439C-ACA7-47499D316322}.Ad-Hoc|ARM.ActiveCfg = Release|ARM
		{35C4E6ED-C5CC-439C-ACA7-47499D316322}.Ad-Hoc|ARM.Build.0 = Release|ARM
		{35C4E6ED-C5CC-439C-ACA7-47499D316322}.Ad-Hoc|ARM.Deploy.0 = Release|ARM
		{35C4E6ED-C5CC-439C-ACA7-47499D316322}.Ad-Hoc|iPhone.ActiveCfg = Release|x86
		{35C4E6ED-C5CC-439C-ACA7-47499D316322}.Ad-Hoc|iPhone.Build.0 = Release|x86
		{35C4E6ED-C5CC-439C-ACA7-47499D316322}.Ad-Hoc|iPhone.Deploy.0 = Release|x86
		{35C4E6ED-C5CC-439C-ACA7-47499D316322}.Ad-Hoc|iPhoneSimulator.ActiveCfg = Release|x86
		{35C4E6ED-C5CC-439C-ACA7-47499D316322}.Ad-Hoc|iPhoneSimulator.Build.0 = Release|x86
		{35C4E6ED-C5CC-439C-ACA7-47499D316322}.Ad-Hoc|iPhoneSimulator.Deploy.0 = Release|x86
		{35C4E6ED-C5CC-439C-ACA7-47499D316322}.Ad-Hoc|x64.ActiveCfg = Release|x64
		{35C4E6ED-C5CC-439C-ACA7-47499D316322}.Ad-Hoc|x64.Build.0 = Release|x64
		{35C4E6ED-C5CC-439C-ACA7-47499D316322}.Ad-Hoc|x64.Deploy.0 = Release|x64
		{35C4E6ED-C5CC-439C-ACA7-47499D316322}.Ad-Hoc|x86.ActiveCfg = Release|x86
		{35C4E6ED-C5CC-439C-ACA7-47499D316322}.Ad-Hoc|x86.Build.0 = Release|x86
		{35C4E6ED-C5CC-439C-ACA7-47499D316322}.Ad-Hoc|x86.Deploy.0 = Release|x86
		{35C4E6ED-C5CC-439C-ACA7-47499D316322}.AppStore|Any CPU.ActiveCfg = Release|x86
		{35C4E6ED-C5CC-439C-ACA7-47499D316322}.AppStore|Any CPU.Build.0 = Release|x86
		{35C4E6ED-C5CC-439C-ACA7-47499D316322}.AppStore|Any CPU.Deploy.0 = Release|x86
		{35C4E6ED-C5CC-439C-ACA7-47499D316322}.AppStore|ARM.ActiveCfg = Release|ARM
		{35C4E6ED-C5CC-439C-ACA7-47499D316322}.AppStore|ARM.Build.0 = Release|ARM
		{35C4E6ED-C5CC-439C-ACA7-47499D316322}.AppStore|ARM.Deploy.0 = Release|ARM
		{35C4E6ED-C5CC-439C-ACA7-47499D316322}.AppStore|iPhone.ActiveCfg = Release|x86
		{35C4E6ED-C5CC-439C-ACA7-47499D316322}.AppStore|iPhone.Build.0 = Release|x86
		{35C4E6ED-C5CC-439C-ACA7-47499D316322}.AppStore|iPhone.Deploy.0 = Release|x86
		{35C4E6ED-C5CC-439C-ACA7-47499D316322}.AppStore|iPhoneSimulator.ActiveCfg = Release|x86
		{35C4E6ED-C5CC-439C-ACA7-47499D316322}.AppStore|iPhoneSimulator.Build.0 = Release|x86
		{35C4E6ED-C5CC-439C-ACA7-47499D316322}.AppStore|iPhoneSimulator.Deploy.0 = Release|x86
		{35C4E6ED-C5CC-439C-ACA7-47499D316322}.AppStore|x64.ActiveCfg = Release|x64
		{35C4E6ED-C5CC-439C-ACA7-47499D316322}.AppStore|x64.Build.0 = Release|x64
		{35C4E6ED-C5CC-439C-ACA7-47499D316322}.AppStore|x64.Deploy.0 = Release|x64
		{35C4E6ED-C5CC-439C-ACA7-47499D316322}.AppStore|x86.ActiveCfg = Release|x86
		{35C4E6ED-C5CC-439C-ACA7-47499D316322}.AppStore|x86.Build.0 = Release|x86
		{35C4E6ED-C5CC-439C-ACA7-47499D316322}.AppStore|x86.Deploy.0 = Release|x86
		{35C4E6ED-C5CC-439C-ACA7-47499D316322}.Debug|Any CPU.ActiveCfg = Debug|x86
		{35C4E6ED-C5CC-439C-ACA7-47499D316322}.Debug|ARM.ActiveCfg = Debug|ARM
		{35C4E6ED-C5CC-439C-ACA7-47499D316322}.Debug|ARM.Build.0 = Debug|ARM
		{35C4E6ED-C5CC-439C-ACA7-47499D316322}.Debug|ARM.Deploy.0 = Debug|ARM
		{35C4E6ED-C5CC-439C-ACA7-47499D316322}.Debug|iPhone.ActiveCfg = Debug|x86
		{35C4E6ED-C5CC-439C-ACA7-47499D316322}.Debug|iPhoneSimulator.ActiveCfg = Debug|x86
		{35C4E6ED-C5CC-439C-ACA7-47499D316322}.Debug|x64.ActiveCfg = Debug|x64
		{35C4E6ED-C5CC-439C-ACA7-47499D316322}.Debug|x64.Build.0 = Debug|x64
		{35C4E6ED-C5CC-439C-ACA7-47499D316322}.Debug|x64.Deploy.0 = Debug|x64
		{35C4E6ED-C5CC-439C-ACA7-47499D316322}.Debug|x86.ActiveCfg = Debug|x86
		{35C4E6ED-C5CC-439C-ACA7-47499D316322}.Debug|x86.Build.0 = Debug|x86
		{35C4E6ED-C5CC-439C-ACA7-47499D316322}.Debug|x86.Deploy.0 = Debug|x86
		{35C4E6ED-C5CC-439C-ACA7-47499D316322}.Release|Any CPU.ActiveCfg = Release|x86
		{35C4E6ED-C5CC-439C-ACA7-47499D316322}.Release|ARM.ActiveCfg = Release|ARM
		{35C4E6ED-C5CC-439C-ACA7-47499D316322}.Release|ARM.Build.0 = Release|ARM
		{35C4E6ED-C5CC-439C-ACA7-47499D316322}.Release|ARM.Deploy.0 = Release|ARM
		{35C4E6ED-C5CC-439C-ACA7-47499D316322}.Release|iPhone.ActiveCfg = Release|x86
		{35C4E6ED-C5CC-439C-ACA7-47499D316322}.Release|iPhoneSimulator.ActiveCfg = Release|x86
		{35C4E6ED-C5CC-439C-ACA7-47499D316322}.Release|x64.ActiveCfg = Release|x64
		{35C4E6ED-C5CC-439C-ACA7-47499D316322}.Release|x64.Build.0 = Release|x64
		{35C4E6ED-C5CC-439C-ACA7-47499D316322}.Release|x64.Deploy.0 = Release|x64
		{35C4E6ED-C5CC-439C-ACA7-47499D316322}.Release|x86.ActiveCfg = Release|x86
		{35C4E6ED-C5CC-439C-ACA7-47499D316322}.Release|x86.Build.0 = Release|x86
		{35C4E6ED-C5CC-439C-ACA7-47499D316322}.Release|x86.Deploy.0 = Release|x86
		{AE07765A-D142-44D5-B048-705552DAA38A}.Ad-Hoc|Any CPU.ActiveCfg = Release|Any CPU
		{AE07765A-D142-44D5-B048-705552DAA38A}.Ad-Hoc|Any CPU.Build.0 = Release|Any CPU
		{AE07765A-D142-44D5-B048-705552DAA38A}.Ad-Hoc|Any CPU.Deploy.0 = Release|Any CPU
		{AE07765A-D142-44D5-B048-705552DAA38A}.Ad-Hoc|ARM.ActiveCfg = Release|ARM
		{AE07765A-D142-44D5-B048-705552DAA38A}.Ad-Hoc|ARM.Build.0 = Release|ARM
		{AE07765A-D142-44D5-B048-705552DAA38A}.Ad-Hoc|ARM.Deploy.0 = Release|ARM
		{AE07765A-D142-44D5-B048-705552DAA38A}.Ad-Hoc|iPhone.ActiveCfg = Release|Any CPU
		{AE07765A-D142-44D5-B048-705552DAA38A}.Ad-Hoc|iPhone.Build.0 = Release|Any CPU
		{AE07765A-D142-44D5-B048-705552DAA38A}.Ad-Hoc|iPhone.Deploy.0 = Release|Any CPU
		{AE07765A-D142-44D5-B048-705552DAA38A}.Ad-Hoc|iPhoneSimulator.ActiveCfg = Release|Any CPU
		{AE07765A-D142-44D5-B048-705552DAA38A}.Ad-Hoc|iPhoneSimulator.Build.0 = Release|Any CPU
		{AE07765A-D142-44D5-B048-705552DAA38A}.Ad-Hoc|iPhoneSimulator.Deploy.0 = Release|Any CPU
		{AE07765A-D142-44D5-B048-705552DAA38A}.Ad-Hoc|x64.ActiveCfg = Release|x64
		{AE07765A-D142-44D5-B048-705552DAA38A}.Ad-Hoc|x64.Build.0 = Release|x64
		{AE07765A-D142-44D5-B048-705552DAA38A}.Ad-Hoc|x64.Deploy.0 = Release|x64
		{AE07765A-D142-44D5-B048-705552DAA38A}.Ad-Hoc|x86.ActiveCfg = Release|x86
		{AE07765A-D142-44D5-B048-705552DAA38A}.Ad-Hoc|x86.Build.0 = Release|x86
		{AE07765A-D142-44D5-B048-705552DAA38A}.Ad-Hoc|x86.Deploy.0 = Release|x86
		{AE07765A-D142-44D5-B048-705552DAA38A}.AppStore|Any CPU.ActiveCfg = Release|Any CPU
		{AE07765A-D142-44D5-B048-705552DAA38A}.AppStore|Any CPU.Build.0 = Release|Any CPU
		{AE07765A-D142-44D5-B048-705552DAA38A}.AppStore|Any CPU.Deploy.0 = Release|Any CPU
		{AE07765A-D142-44D5-B048-705552DAA38A}.AppStore|ARM.ActiveCfg = Release|ARM
		{AE07765A-D142-44D5-B048-705552DAA38A}.AppStore|ARM.Build.0 = Release|ARM
		{AE07765A-D142-44D5-B048-705552DAA38A}.AppStore|ARM.Deploy.0 = Release|ARM
		{AE07765A-D142-44D5-B048-705552DAA38A}.AppStore|iPhone.ActiveCfg = Release|Any CPU
		{AE07765A-D142-44D5-B048-705552DAA38A}.AppStore|iPhone.Build.0 = Release|Any CPU
		{AE07765A-D142-44D5-B048-705552DAA38A}.AppStore|iPhone.Deploy.0 = Release|Any CPU
		{AE07765A-D142-44D5-B048-705552DAA38A}.AppStore|iPhoneSimulator.ActiveCfg = Release|Any CPU
		{AE07765A-D142-44D5-B048-705552DAA38A}.AppStore|iPhoneSimulator.Build.0 = Release|Any CPU
		{AE07765A-D142-44D5-B048-705552DAA38A}.AppStore|iPhoneSimulator.Deploy.0 = Release|Any CPU
		{AE07765A-D142-44D5-B048-705552DAA38A}.AppStore|x64.ActiveCfg = Release|x64
		{AE07765A-D142-44D5-B048-705552DAA38A}.AppStore|x64.Build.0 = Release|x64
		{AE07765A-D142-44D5-B048-705552DAA38A}.AppStore|x64.Deploy.0 = Release|x64
		{AE07765A-D142-44D5-B048-705552DAA38A}.AppStore|x86.ActiveCfg = Release|x86
		{AE07765A-D142-44D5-B048-705552DAA38A}.AppStore|x86.Build.0 = Release|x86
		{AE07765A-D142-44D5-B048-705552DAA38A}.AppStore|x86.Deploy.0 = Release|x86
		{AE07765A-D142-44D5-B048-705552DAA38A}.Debug|Any CPU.ActiveCfg = Debug|Any CPU
		{AE07765A-D142-44D5-B048-705552DAA38A}.Debug|Any CPU.Build.0 = Debug|Any CPU
		{AE07765A-D142-44D5-B048-705552DAA38A}.Debug|Any CPU.Deploy.0 = Debug|Any CPU
		{AE07765A-D142-44D5-B048-705552DAA38A}.Debug|ARM.ActiveCfg = Debug|ARM
		{AE07765A-D142-44D5-B048-705552DAA38A}.Debug|ARM.Build.0 = Debug|ARM
		{AE07765A-D142-44D5-B048-705552DAA38A}.Debug|ARM.Deploy.0 = Debug|ARM
		{AE07765A-D142-44D5-B048-705552DAA38A}.Debug|iPhone.ActiveCfg = Debug|Any CPU
		{AE07765A-D142-44D5-B048-705552DAA38A}.Debug|iPhone.Build.0 = Debug|Any CPU
		{AE07765A-D142-44D5-B048-705552DAA38A}.Debug|iPhone.Deploy.0 = Debug|Any CPU
		{AE07765A-D142-44D5-B048-705552DAA38A}.Debug|iPhoneSimulator.ActiveCfg = Debug|Any CPU
		{AE07765A-D142-44D5-B048-705552DAA38A}.Debug|iPhoneSimulator.Build.0 = Debug|Any CPU
		{AE07765A-D142-44D5-B048-705552DAA38A}.Debug|iPhoneSimulator.Deploy.0 = Debug|Any CPU
		{AE07765A-D142-44D5-B048-705552DAA38A}.Debug|x64.ActiveCfg = Debug|x64
		{AE07765A-D142-44D5-B048-705552DAA38A}.Debug|x64.Build.0 = Debug|x64
		{AE07765A-D142-44D5-B048-705552DAA38A}.Debug|x64.Deploy.0 = Debug|x64
		{AE07765A-D142-44D5-B048-705552DAA38A}.Debug|x86.ActiveCfg = Debug|x86
		{AE07765A-D142-44D5-B048-705552DAA38A}.Debug|x86.Build.0 = Debug|x86
		{AE07765A-D142-44D5-B048-705552DAA38A}.Debug|x86.Deploy.0 = Debug|x86
		{AE07765A-D142-44D5-B048-705552DAA38A}.Release|Any CPU.ActiveCfg = Release|Any CPU
		{AE07765A-D142-44D5-B048-705552DAA38A}.Release|Any CPU.Build.0 = Release|Any CPU
		{AE07765A-D142-44D5-B048-705552DAA38A}.Release|Any CPU.Deploy.0 = Release|Any CPU
		{AE07765A-D142-44D5-B048-705552DAA38A}.Release|ARM.ActiveCfg = Release|ARM
		{AE07765A-D142-44D5-B048-705552DAA38A}.Release|ARM.Build.0 = Release|ARM
		{AE07765A-D142-44D5-B048-705552DAA38A}.Release|ARM.Deploy.0 = Release|ARM
		{AE07765A-D142-44D5-B048-705552DAA38A}.Release|iPhone.ActiveCfg = Release|Any CPU
		{AE07765A-D142-44D5-B048-705552DAA38A}.Release|iPhone.Build.0 = Release|Any CPU
		{AE07765A-D142-44D5-B048-705552DAA38A}.Release|iPhone.Deploy.0 = Release|Any CPU
		{AE07765A-D142-44D5-B048-705552DAA38A}.Release|iPhoneSimulator.ActiveCfg = Release|Any CPU
		{AE07765A-D142-44D5-B048-705552DAA38A}.Release|iPhoneSimulator.Build.0 = Release|Any CPU
		{AE07765A-D142-44D5-B048-705552DAA38A}.Release|iPhoneSimulator.Deploy.0 = Release|Any CPU
		{AE07765A-D142-44D5-B048-705552DAA38A}.Release|x64.ActiveCfg = Release|x64
		{AE07765A-D142-44D5-B048-705552DAA38A}.Release|x64.Build.0 = Release|x64
		{AE07765A-D142-44D5-B048-705552DAA38A}.Release|x64.Deploy.0 = Release|x64
		{AE07765A-D142-44D5-B048-705552DAA38A}.Release|x86.ActiveCfg = Release|x86
		{AE07765A-D142-44D5-B048-705552DAA38A}.Release|x86.Build.0 = Release|x86
		{AE07765A-D142-44D5-B048-705552DAA38A}.Release|x86.Deploy.0 = Release|x86
	EndGlobalSection
	GlobalSection(SolutionProperties) = preSolution
		HideSolutionNode = FALSE
	EndGlobalSection
EndGlobal
